
Microsoft Visual Studio Solution File, Format Version 12.00
# Visual Studio Version 16
VisualStudioVersion = 16.0.29519.87
MinimumVisualStudioVersion = 10.0.40219.1
Project("{FAE04EC0-301F-11D3-BF4B-00C04F79EFBC}") = "APP_Proyecto_examen", "APP_Proyecto_examen\APP_Proyecto_examen.csproj", "{E279FF49-298E-4F70-882D-F22C5E123388}"
EndProject
Global
	GlobalSection(SolutionConfigurationPlatforms) = preSolution
		Debug|Any CPU = Debug|Any CPU
		Release|Any CPU = Release|Any CPU
	EndGlobalSection
	GlobalSection(ProjectConfigurationPlatforms) = postSolution
		{E279FF49-298E-4F70-882D-F22C5E123388}.Debug|Any CPU.ActiveCfg = Debug|Any CPU
		{E279FF49-298E-4F70-882D-F22C5E123388}.Debug|Any CPU.Build.0 = Debug|Any CPU
		{E279FF49-298E-4F70-882D-F22C5E123388}.Release|Any CPU.ActiveCfg = Release|Any CPU
		{E279FF49-298E-4F70-882D-F22C5E123388}.Release|Any CPU.Build.0 = Release|Any CPU
	EndGlobalSection
	GlobalSection(SolutionProperties) = preSolution
		HideSolutionNode = FALSE
	EndGlobalSection
	GlobalSection(ExtensibilityGlobals) = postSolution
		SolutionGuid = {02440738-9847-454B-B48A-2310F2D18FDD}
	EndGlobalSection
EndGlobal
